// !$*UTF8*$!
{
	archiveVersion = 1;
	classes = {
	};
	objectVersion = 46;
	objects = {

/* Begin PBXBuildFile section */
		7E339C7A1E14D862009527D7 /* main.m in Sources */ = {isa = PBXBuildFile; fileRef = 7E339C791E14D862009527D7 /* main.m */; };
		7E339C7D1E14D862009527D7 /* AppDelegate.m in Sources */ = {isa = PBXBuildFile; fileRef = 7E339C7C1E14D862009527D7 /* AppDelegate.m */; };
		7E339C831E14D862009527D7 /* Main.storyboard in Resources */ = {isa = PBXBuildFile; fileRef = 7E339C811E14D862009527D7 /* Main.storyboard */; };
		7E339C851E14D862009527D7 /* Assets.xcassets in Resources */ = {isa = PBXBuildFile; fileRef = 7E339C841E14D862009527D7 /* Assets.xcassets */; };
		7E339C881E14D862009527D7 /* LaunchScreen.storyboard in Resources */ = {isa = PBXBuildFile; fileRef = 7E339C861E14D862009527D7 /* LaunchScreen.storyboard */; };
		7E339C931E14D929009527D7 /* ViewController.m in Sources */ = {isa = PBXBuildFile; fileRef = 7E339C901E14D929009527D7 /* ViewController.m */; };
		7E339C941E14D929009527D7 /* Crasher.mm in Sources */ = {isa = PBXBuildFile; fileRef = 7E339C921E14D929009527D7 /* Crasher.mm */; };
		7E339C981E14DDFB009527D7 /* KSCrash.m in Sources */ = {isa = PBXBuildFile; fileRef = 7E339C971E14DDFB009527D7 /* KSCrash.m */; };
		7E339C9C1E14EB97009527D7 /* KSCrashType.c in Sources */ = {isa = PBXBuildFile; fileRef = 7E339C9A1E14EB97009527D7 /* KSCrashType.c */; };
		7E339CA01E14EE4D009527D7 /* KSCrashC.c in Sources */ = {isa = PBXBuildFile; fileRef = 7E339C9D1E14EE4D009527D7 /* KSCrashC.c */; };
		7E339CAF1E14F1C9009527D7 /* KSCrashSentry.c in Sources */ = {isa = PBXBuildFile; fileRef = 7E339CA11E14F1C9009527D7 /* KSCrashSentry.c */; };
		7E339CB01E14F1C9009527D7 /* KSCrashSentry_CPPException.cpp in Sources */ = {isa = PBXBuildFile; fileRef = 7E339CA41E14F1C9009527D7 /* KSCrashSentry_CPPException.cpp */; };
		7E339CB21E14F1C9009527D7 /* KSCrashSentry_MachException.c in Sources */ = {isa = PBXBuildFile; fileRef = 7E339CA81E14F1C9009527D7 /* KSCrashSentry_MachException.c */; };
		7E339CB31E14F1C9009527D7 /* KSCrashSentry_NSException.m in Sources */ = {isa = PBXBuildFile; fileRef = 7E339CAB1E14F1C9009527D7 /* KSCrashSentry_NSException.m */; };
		7E339CB41E14F1C9009527D7 /* KSCrashSentry_Signal.c in Sources */ = {isa = PBXBuildFile; fileRef = 7E339CAD1E14F1C9009527D7 /* KSCrashSentry_Signal.c */; };
		7E339CB71E14F223009527D7 /* KSDebug.c in Sources */ = {isa = PBXBuildFile; fileRef = 7E339CB51E14F223009527D7 /* KSDebug.c */; };
		7E339CBA1E14F5C7009527D7 /* KSThread.c in Sources */ = {isa = PBXBuildFile; fileRef = 7E339CB81E14F5C7009527D7 /* KSThread.c */; };
		7E339CC41E14FAB8009527D7 /* KSCPU_Apple.c in Sources */ = {isa = PBXBuildFile; fileRef = 7E339CBE1E14FAB8009527D7 /* KSCPU_Apple.c */; };
		7E339CC51E14FAB8009527D7 /* KSCPU_arm.c in Sources */ = {isa = PBXBuildFile; fileRef = 7E339CC01E14FAB8009527D7 /* KSCPU_arm.c */; };
		7E339CC61E14FAB8009527D7 /* KSCPU_arm64.c in Sources */ = {isa = PBXBuildFile; fileRef = 7E339CC11E14FAB8009527D7 /* KSCPU_arm64.c */; };
		7E339CC71E14FAB8009527D7 /* KSCPU_x86_32.c in Sources */ = {isa = PBXBuildFile; fileRef = 7E339CC21E14FAB8009527D7 /* KSCPU_x86_32.c */; };
		7E339CC81E14FAB8009527D7 /* KSCPU_x86_64.c in Sources */ = {isa = PBXBuildFile; fileRef = 7E339CC31E14FAB8009527D7 /* KSCPU_x86_64.c */; };
		7E339CCB1E14FBD8009527D7 /* KSSignalInfo.c in Sources */ = {isa = PBXBuildFile; fileRef = 7E339CC91E14FBD8009527D7 /* KSSignalInfo.c */; };
		7E339CCF1E150086009527D7 /* ArchObj.m in Sources */ = {isa = PBXBuildFile; fileRef = 7E339CCE1E150086009527D7 /* ArchObj.m */; };
		7E339CD61E15FAAA009527D7 /* KSCrashReport.c in Sources */ = {isa = PBXBuildFile; fileRef = 7E339CD41E15FAAA009527D7 /* KSCrashReport.c */; };
		7E339CDA1E15FC65009527D7 /* KSBacktrace.c in Sources */ = {isa = PBXBuildFile; fileRef = 7E339CD71E15FC65009527D7 /* KSBacktrace.c */; };
		7E339CDD1E160115009527D7 /* KSDynamicLinker.c in Sources */ = {isa = PBXBuildFile; fileRef = 7E339CDB1E160115009527D7 /* KSDynamicLinker.c */; };
		7E339CE11E160184009527D7 /* KSMach.c in Sources */ = {isa = PBXBuildFile; fileRef = 7E339CDE1E160184009527D7 /* KSMach.c */; };
		7E339CE41E160C4C009527D7 /* libz.tbd in Frameworks */ = {isa = PBXBuildFile; fileRef = 7E339CE31E160C4C009527D7 /* libz.tbd */; };
		7E339CE61E160C60009527D7 /* libc++.tbd in Frameworks */ = {isa = PBXBuildFile; fileRef = 7E339CE51E160C60009527D7 /* libc++.tbd */; };
		7E339CE81E160C6B009527D7 /* SystemConfiguration.framework in Frameworks */ = {isa = PBXBuildFile; fileRef = 7E339CE71E160C6B009527D7 /* SystemConfiguration.framework */; };
		7E339CEA1E160C72009527D7 /* MessageUI.framework in Frameworks */ = {isa = PBXBuildFile; fileRef = 7E339CE91E160C72009527D7 /* MessageUI.framework */; };
/* End PBXBuildFile section */

/* Begin PBXFileReference section */
		7E339C751E14D862009527D7 /* KSCrashCut.app */ = {isa = PBXFileReference; explicitFileType = wrapper.application; includeInIndex = 0; path = KSCrashCut.app; sourceTree = BUILT_PRODUCTS_DIR; };
		7E339C791E14D862009527D7 /* main.m */ = {isa = PBXFileReference; lastKnownFileType = sourcecode.c.objc; path = main.m; sourceTree = "<group>"; };
		7E339C7B1E14D862009527D7 /* AppDelegate.h */ = {isa = PBXFileReference; lastKnownFileType = sourcecode.c.h; path = AppDelegate.h; sourceTree = "<group>"; };
		7E339C7C1E14D862009527D7 /* AppDelegate.m */ = {isa = PBXFileReference; lastKnownFileType = sourcecode.c.objc; path = AppDelegate.m; sourceTree = "<group>"; };
		7E339C821E14D862009527D7 /* Base */ = {isa = PBXFileReference; lastKnownFileType = file.storyboard; name = Base; path = Base.lproj/Main.storyboard; sourceTree = "<group>"; };
		7E339C841E14D862009527D7 /* Assets.xcassets */ = {isa = PBXFileReference; lastKnownFileType = folder.assetcatalog; path = Assets.xcassets; sourceTree = "<group>"; };
		7E339C871E14D862009527D7 /* Base */ = {isa = PBXFileReference; lastKnownFileType = file.storyboard; name = Base; path = Base.lproj/LaunchScreen.storyboard; sourceTree = "<group>"; };
		7E339C891E14D862009527D7 /* Info.plist */ = {isa = PBXFileReference; lastKnownFileType = text.plist.xml; path = Info.plist; sourceTree = "<group>"; };
		7E339C8F1E14D929009527D7 /* ViewController.h */ = {isa = PBXFileReference; fileEncoding = 4; lastKnownFileType = sourcecode.c.h; path = ViewController.h; sourceTree = "<group>"; };
		7E339C901E14D929009527D7 /* ViewController.m */ = {isa = PBXFileReference; fileEncoding = 4; lastKnownFileType = sourcecode.c.objc; path = ViewController.m; sourceTree = "<group>"; };
		7E339C911E14D929009527D7 /* Crasher.h */ = {isa = PBXFileReference; fileEncoding = 4; lastKnownFileType = sourcecode.c.h; path = Crasher.h; sourceTree = "<group>"; };
		7E339C921E14D929009527D7 /* Crasher.mm */ = {isa = PBXFileReference; fileEncoding = 4; lastKnownFileType = sourcecode.cpp.objcpp; path = Crasher.mm; sourceTree = "<group>"; };
		7E339C961E14DDFB009527D7 /* KSCrash.h */ = {isa = PBXFileReference; fileEncoding = 4; lastKnownFileType = sourcecode.c.h; path = KSCrash.h; sourceTree = "<group>"; };
		7E339C971E14DDFB009527D7 /* KSCrash.m */ = {isa = PBXFileReference; fileEncoding = 4; lastKnownFileType = sourcecode.c.objc; path = KSCrash.m; sourceTree = "<group>"; };
		7E339C991E14E7E0009527D7 /* PrefixHeader.pch */ = {isa = PBXFileReference; lastKnownFileType = sourcecode.c.h; path = PrefixHeader.pch; sourceTree = "<group>"; };
		7E339C9A1E14EB97009527D7 /* KSCrashType.c */ = {isa = PBXFileReference; fileEncoding = 4; lastKnownFileType = sourcecode.c.c; path = KSCrashType.c; sourceTree = "<group>"; };
		7E339C9B1E14EB97009527D7 /* KSCrashType.h */ = {isa = PBXFileReference; fileEncoding = 4; lastKnownFileType = sourcecode.c.h; path = KSCrashType.h; sourceTree = "<group>"; };
		7E339C9D1E14EE4D009527D7 /* KSCrashC.c */ = {isa = PBXFileReference; fileEncoding = 4; lastKnownFileType = sourcecode.c.c; path = KSCrashC.c; sourceTree = "<group>"; };
		7E339C9E1E14EE4D009527D7 /* KSCrashC.h */ = {isa = PBXFileReference; fileEncoding = 4; lastKnownFileType = sourcecode.c.h; path = KSCrashC.h; sourceTree = "<group>"; };
		7E339C9F1E14EE4D009527D7 /* KSCrashContext.h */ = {isa = PBXFileReference; fileEncoding = 4; lastKnownFileType = sourcecode.c.h; path = KSCrashContext.h; sourceTree = "<group>"; };
		7E339CA11E14F1C9009527D7 /* KSCrashSentry.c */ = {isa = PBXFileReference; fileEncoding = 4; lastKnownFileType = sourcecode.c.c; path = KSCrashSentry.c; sourceTree = "<group>"; };
		7E339CA21E14F1C9009527D7 /* KSCrashSentry.h */ = {isa = PBXFileReference; fileEncoding = 4; lastKnownFileType = sourcecode.c.h; path = KSCrashSentry.h; sourceTree = "<group>"; };
		7E339CA31E14F1C9009527D7 /* KSCrashSentry_Context.h */ = {isa = PBXFileReference; fileEncoding = 4; lastKnownFileType = sourcecode.c.h; path = KSCrashSentry_Context.h; sourceTree = "<group>"; };
		7E339CA41E14F1C9009527D7 /* KSCrashSentry_CPPException.cpp */ = {isa = PBXFileReference; fileEncoding = 4; lastKnownFileType = sourcecode.cpp.cpp; path = KSCrashSentry_CPPException.cpp; sourceTree = "<group>"; };
		7E339CA51E14F1C9009527D7 /* KSCrashSentry_CPPException.h */ = {isa = PBXFileReference; fileEncoding = 4; lastKnownFileType = sourcecode.c.h; path = KSCrashSentry_CPPException.h; sourceTree = "<group>"; };
		7E339CA81E14F1C9009527D7 /* KSCrashSentry_MachException.c */ = {isa = PBXFileReference; fileEncoding = 4; lastKnownFileType = sourcecode.c.c; path = KSCrashSentry_MachException.c; sourceTree = "<group>"; };
		7E339CA91E14F1C9009527D7 /* KSCrashSentry_MachException.h */ = {isa = PBXFileReference; fileEncoding = 4; lastKnownFileType = sourcecode.c.h; path = KSCrashSentry_MachException.h; sourceTree = "<group>"; };
		7E339CAA1E14F1C9009527D7 /* KSCrashSentry_NSException.h */ = {isa = PBXFileReference; fileEncoding = 4; lastKnownFileType = sourcecode.c.h; path = KSCrashSentry_NSException.h; sourceTree = "<group>"; };
		7E339CAB1E14F1C9009527D7 /* KSCrashSentry_NSException.m */ = {isa = PBXFileReference; fileEncoding = 4; lastKnownFileType = sourcecode.c.objc; path = KSCrashSentry_NSException.m; sourceTree = "<group>"; };
		7E339CAC1E14F1C9009527D7 /* KSCrashSentry_Private.h */ = {isa = PBXFileReference; fileEncoding = 4; lastKnownFileType = sourcecode.c.h; path = KSCrashSentry_Private.h; sourceTree = "<group>"; };
		7E339CAD1E14F1C9009527D7 /* KSCrashSentry_Signal.c */ = {isa = PBXFileReference; fileEncoding = 4; lastKnownFileType = sourcecode.c.c; path = KSCrashSentry_Signal.c; sourceTree = "<group>"; };
		7E339CAE1E14F1C9009527D7 /* KSCrashSentry_Signal.h */ = {isa = PBXFileReference; fileEncoding = 4; lastKnownFileType = sourcecode.c.h; path = KSCrashSentry_Signal.h; sourceTree = "<group>"; };
		7E339CB51E14F223009527D7 /* KSDebug.c */ = {isa = PBXFileReference; fileEncoding = 4; lastKnownFileType = sourcecode.c.c; path = KSDebug.c; sourceTree = "<group>"; };
		7E339CB61E14F223009527D7 /* KSDebug.h */ = {isa = PBXFileReference; fileEncoding = 4; lastKnownFileType = sourcecode.c.h; path = KSDebug.h; sourceTree = "<group>"; };
		7E339CB81E14F5C7009527D7 /* KSThread.c */ = {isa = PBXFileReference; fileEncoding = 4; lastKnownFileType = sourcecode.c.c; path = KSThread.c; sourceTree = "<group>"; };
		7E339CB91E14F5C7009527D7 /* KSThread.h */ = {isa = PBXFileReference; fileEncoding = 4; lastKnownFileType = sourcecode.c.h; path = KSThread.h; sourceTree = "<group>"; };
		7E339CBB1E14F5E7009527D7 /* KSArchSpecific.h */ = {isa = PBXFileReference; lastKnownFileType = sourcecode.c.h; path = KSArchSpecific.h; sourceTree = "<group>"; };
		7E339CBD1E14FAB8009527D7 /* KSCPU.h */ = {isa = PBXFileReference; fileEncoding = 4; lastKnownFileType = sourcecode.c.h; path = KSCPU.h; sourceTree = "<group>"; };
		7E339CBE1E14FAB8009527D7 /* KSCPU_Apple.c */ = {isa = PBXFileReference; fileEncoding = 4; lastKnownFileType = sourcecode.c.c; path = KSCPU_Apple.c; sourceTree = "<group>"; };
		7E339CBF1E14FAB8009527D7 /* KSCPU_Apple.h */ = {isa = PBXFileReference; fileEncoding = 4; lastKnownFileType = sourcecode.c.h; path = KSCPU_Apple.h; sourceTree = "<group>"; };
		7E339CC01E14FAB8009527D7 /* KSCPU_arm.c */ = {isa = PBXFileReference; fileEncoding = 4; lastKnownFileType = sourcecode.c.c; path = KSCPU_arm.c; sourceTree = "<group>"; };
		7E339CC11E14FAB8009527D7 /* KSCPU_arm64.c */ = {isa = PBXFileReference; fileEncoding = 4; lastKnownFileType = sourcecode.c.c; path = KSCPU_arm64.c; sourceTree = "<group>"; };
		7E339CC21E14FAB8009527D7 /* KSCPU_x86_32.c */ = {isa = PBXFileReference; fileEncoding = 4; lastKnownFileType = sourcecode.c.c; path = KSCPU_x86_32.c; sourceTree = "<group>"; };
		7E339CC31E14FAB8009527D7 /* KSCPU_x86_64.c */ = {isa = PBXFileReference; fileEncoding = 4; lastKnownFileType = sourcecode.c.c; path = KSCPU_x86_64.c; sourceTree = "<group>"; };
		7E339CC91E14FBD8009527D7 /* KSSignalInfo.c */ = {isa = PBXFileReference; fileEncoding = 4; lastKnownFileType = sourcecode.c.c; path = KSSignalInfo.c; sourceTree = "<group>"; };
		7E339CCA1E14FBD8009527D7 /* KSSignalInfo.h */ = {isa = PBXFileReference; fileEncoding = 4; lastKnownFileType = sourcecode.c.h; path = KSSignalInfo.h; sourceTree = "<group>"; };
		7E339CCD1E150086009527D7 /* ArchObj.h */ = {isa = PBXFileReference; fileEncoding = 4; lastKnownFileType = sourcecode.c.h; path = ArchObj.h; sourceTree = "<group>"; };
		7E339CCE1E150086009527D7 /* ArchObj.m */ = {isa = PBXFileReference; fileEncoding = 4; lastKnownFileType = sourcecode.c.objc; path = ArchObj.m; sourceTree = "<group>"; };
		7E339CD01E1513AA009527D7 /* KSCrashReportWriter.h */ = {isa = PBXFileReference; lastKnownFileType = sourcecode.c.h; path = KSCrashReportWriter.h; sourceTree = "<group>"; };
		7E339CD41E15FAAA009527D7 /* KSCrashReport.c */ = {isa = PBXFileReference; fileEncoding = 4; lastKnownFileType = sourcecode.c.c; path = KSCrashReport.c; sourceTree = "<group>"; };
		7E339CD51E15FAAA009527D7 /* KSCrashReport.h */ = {isa = PBXFileReference; fileEncoding = 4; lastKnownFileType = sourcecode.c.h; path = KSCrashReport.h; sourceTree = "<group>"; };
		7E339CD71E15FC65009527D7 /* KSBacktrace.c */ = {isa = PBXFileReference; fileEncoding = 4; lastKnownFileType = sourcecode.c.c; path = KSBacktrace.c; sourceTree = "<group>"; };
		7E339CD81E15FC65009527D7 /* KSBacktrace.h */ = {isa = PBXFileReference; fileEncoding = 4; lastKnownFileType = sourcecode.c.h; path = KSBacktrace.h; sourceTree = "<group>"; };
		7E339CD91E15FC65009527D7 /* KSBacktrace_Private.h */ = {isa = PBXFileReference; fileEncoding = 4; lastKnownFileType = sourcecode.c.h; path = KSBacktrace_Private.h; sourceTree = "<group>"; };
		7E339CDB1E160115009527D7 /* KSDynamicLinker.c */ = {isa = PBXFileReference; fileEncoding = 4; lastKnownFileType = sourcecode.c.c; path = KSDynamicLinker.c; sourceTree = "<group>"; };
		7E339CDC1E160115009527D7 /* KSDynamicLinker.h */ = {isa = PBXFileReference; fileEncoding = 4; lastKnownFileType = sourcecode.c.h; path = KSDynamicLinker.h; sourceTree = "<group>"; };
		7E339CDE1E160184009527D7 /* KSMach.c */ = {isa = PBXFileReference; fileEncoding = 4; lastKnownFileType = sourcecode.c.c; path = KSMach.c; sourceTree = "<group>"; };
		7E339CDF1E160184009527D7 /* KSMach.h */ = {isa = PBXFileReference; fileEncoding = 4; lastKnownFileType = sourcecode.c.h; path = KSMach.h; sourceTree = "<group>"; };
		7E339CE01E160184009527D7 /* KSMachApple.h */ = {isa = PBXFileReference; fileEncoding = 4; lastKnownFileType = sourcecode.c.h; path = KSMachApple.h; sourceTree = "<group>"; };
		7E339CE31E160C4C009527D7 /* libz.tbd */ = {isa = PBXFileReference; lastKnownFileType = "sourcecode.text-based-dylib-definition"; name = libz.tbd; path = usr/lib/libz.tbd; sourceTree = SDKROOT; };
		7E339CE51E160C60009527D7 /* libc++.tbd */ = {isa = PBXFileReference; lastKnownFileType = "sourcecode.text-based-dylib-definition"; name = "libc++.tbd"; path = "usr/lib/libc++.tbd"; sourceTree = SDKROOT; };
		7E339CE71E160C6B009527D7 /* SystemConfiguration.framework */ = {isa = PBXFileReference; lastKnownFileType = wrapper.framework; name = SystemConfiguration.framework; path = System/Library/Frameworks/SystemConfiguration.framework; sourceTree = SDKROOT; };
		7E339CE91E160C72009527D7 /* MessageUI.framework */ = {isa = PBXFileReference; lastKnownFileType = wrapper.framework; name = MessageUI.framework; path = System/Library/Frameworks/MessageUI.framework; sourceTree = SDKROOT; };
/* End PBXFileReference section */

/* Begin PBXFrameworksBuildPhase section */
		7E339C721E14D862009527D7 /* Frameworks */ = {
			isa = PBXFrameworksBuildPhase;
			buildActionMask = 2147483647;
			files = (
				7E339CEA1E160C72009527D7 /* MessageUI.framework in Frameworks */,
				7E339CE81E160C6B009527D7 /* SystemConfiguration.framework in Frameworks */,
				7E339CE61E160C60009527D7 /* libc++.tbd in Frameworks */,
				7E339CE41E160C4C009527D7 /* libz.tbd in Frameworks */,
			);
			runOnlyForDeploymentPostprocessing = 0;
		};
/* End PBXFrameworksBuildPhase section */

/* Begin PBXGroup section */
		7E339C6C1E14D862009527D7 = {
			isa = PBXGroup;
			children = (
				7E339C771E14D862009527D7 /* KSCrashCut */,
				7E339C761E14D862009527D7 /* Products */,
				7E339CE21E160C4C009527D7 /* Frameworks */,
			);
			sourceTree = "<group>";
		};
		7E339C761E14D862009527D7 /* Products */ = {
			isa = PBXGroup;
			children = (
				7E339C751E14D862009527D7 /* KSCrashCut.app */,
			);
			name = Products;
			sourceTree = "<group>";
		};
		7E339C771E14D862009527D7 /* KSCrashCut */ = {
			isa = PBXGroup;
			children = (
				7E339C951E14DDEE009527D7 /* KS */,
				7E339CCC1E15003D009527D7 /* myAdd */,
				7E339C7B1E14D862009527D7 /* AppDelegate.h */,
				7E339C7C1E14D862009527D7 /* AppDelegate.m */,
				7E339C8F1E14D929009527D7 /* ViewController.h */,
				7E339C901E14D929009527D7 /* ViewController.m */,
				7E339C911E14D929009527D7 /* Crasher.h */,
				7E339C921E14D929009527D7 /* Crasher.mm */,
				7E339C811E14D862009527D7 /* Main.storyboard */,
				7E339C841E14D862009527D7 /* Assets.xcassets */,
				7E339C861E14D862009527D7 /* LaunchScreen.storyboard */,
				7E339C891E14D862009527D7 /* Info.plist */,
				7E339C781E14D862009527D7 /* Supporting Files */,
			);
			path = KSCrashCut;
			sourceTree = "<group>";
		};
		7E339C781E14D862009527D7 /* Supporting Files */ = {
			isa = PBXGroup;
			children = (
				7E339C791E14D862009527D7 /* main.m */,
				7E339C991E14E7E0009527D7 /* PrefixHeader.pch */,
			);
			name = "Supporting Files";
			sourceTree = "<group>";
		};
		7E339C951E14DDEE009527D7 /* KS */ = {
			isa = PBXGroup;
			children = (
				7E339C961E14DDFB009527D7 /* KSCrash.h */,
				7E339C971E14DDFB009527D7 /* KSCrash.m */,
				7E339C9A1E14EB97009527D7 /* KSCrashType.c */,
				7E339C9B1E14EB97009527D7 /* KSCrashType.h */,
				7E339C9D1E14EE4D009527D7 /* KSCrashC.c */,
				7E339C9E1E14EE4D009527D7 /* KSCrashC.h */,
				7E339C9F1E14EE4D009527D7 /* KSCrashContext.h */,
				7E339CB51E14F223009527D7 /* KSDebug.c */,
				7E339CB61E14F223009527D7 /* KSDebug.h */,
				7E339CA11E14F1C9009527D7 /* KSCrashSentry.c */,
				7E339CA21E14F1C9009527D7 /* KSCrashSentry.h */,
				7E339CA31E14F1C9009527D7 /* KSCrashSentry_Context.h */,
				7E339CA41E14F1C9009527D7 /* KSCrashSentry_CPPException.cpp */,
				7E339CA51E14F1C9009527D7 /* KSCrashSentry_CPPException.h */,
				7E339CA81E14F1C9009527D7 /* KSCrashSentry_MachException.c */,
				7E339CA91E14F1C9009527D7 /* KSCrashSentry_MachException.h */,
				7E339CAA1E14F1C9009527D7 /* KSCrashSentry_NSException.h */,
				7E339CAB1E14F1C9009527D7 /* KSCrashSentry_NSException.m */,
				7E339CAD1E14F1C9009527D7 /* KSCrashSentry_Signal.c */,
				7E339CAE1E14F1C9009527D7 /* KSCrashSentry_Signal.h */,
				7E339CAC1E14F1C9009527D7 /* KSCrashSentry_Private.h */,
				7E339CB81E14F5C7009527D7 /* KSThread.c */,
				7E339CB91E14F5C7009527D7 /* KSThread.h */,
				7E339CBB1E14F5E7009527D7 /* KSArchSpecific.h */,
				7E339CBD1E14FAB8009527D7 /* KSCPU.h */,
				7E339CBE1E14FAB8009527D7 /* KSCPU_Apple.c */,
				7E339CBF1E14FAB8009527D7 /* KSCPU_Apple.h */,
				7E339CC01E14FAB8009527D7 /* KSCPU_arm.c */,
				7E339CC11E14FAB8009527D7 /* KSCPU_arm64.c */,
				7E339CC21E14FAB8009527D7 /* KSCPU_x86_32.c */,
				7E339CC31E14FAB8009527D7 /* KSCPU_x86_64.c */,
				7E339CC91E14FBD8009527D7 /* KSSignalInfo.c */,
				7E339CCA1E14FBD8009527D7 /* KSSignalInfo.h */,
				7E339CD01E1513AA009527D7 /* KSCrashReportWriter.h */,
				7E339CD41E15FAAA009527D7 /* KSCrashReport.c */,
				7E339CD51E15FAAA009527D7 /* KSCrashReport.h */,
				7E339CD71E15FC65009527D7 /* KSBacktrace.c */,
				7E339CD81E15FC65009527D7 /* KSBacktrace.h */,
				7E339CD91E15FC65009527D7 /* KSBacktrace_Private.h */,
				7E339CDB1E160115009527D7 /* KSDynamicLinker.c */,
				7E339CDC1E160115009527D7 /* KSDynamicLinker.h */,
				7E339CDE1E160184009527D7 /* KSMach.c */,
				7E339CDF1E160184009527D7 /* KSMach.h */,
				7E339CE01E160184009527D7 /* KSMachApple.h */,
			);
			path = KS;
			sourceTree = "<group>";
		};
		7E339CCC1E15003D009527D7 /* myAdd */ = {
			isa = PBXGroup;
			children = (
				7E339CCD1E150086009527D7 /* ArchObj.h */,
				7E339CCE1E150086009527D7 /* ArchObj.m */,
			);
			path = myAdd;
			sourceTree = "<group>";
		};
		7E339CE21E160C4C009527D7 /* Frameworks */ = {
			isa = PBXGroup;
			children = (
				7E339CE91E160C72009527D7 /* MessageUI.framework */,
				7E339CE71E160C6B009527D7 /* SystemConfiguration.framework */,
				7E339CE51E160C60009527D7 /* libc++.tbd */,
				7E339CE31E160C4C009527D7 /* libz.tbd */,
			);
			name = Frameworks;
			sourceTree = "<group>";
		};
/* End PBXGroup section */

/* Begin PBXNativeTarget section */
		7E339C741E14D862009527D7 /* KSCrashCut */ = {
			isa = PBXNativeTarget;
			buildConfigurationList = 7E339C8C1E14D862009527D7 /* Build configuration list for PBXNativeTarget "KSCrashCut" */;
			buildPhases = (
				7E339C711E14D862009527D7 /* Sources */,
				7E339C721E14D862009527D7 /* Frameworks */,
				7E339C731E14D862009527D7 /* Resources */,
			);
			buildRules = (
			);
			dependencies = (
			);
			name = KSCrashCut;
			productName = KSCrashCut;
			productReference = 7E339C751E14D862009527D7 /* KSCrashCut.app */;
			productType = "com.apple.product-type.application";
		};
/* End PBXNativeTarget section */

/* Begin PBXProject section */
		7E339C6D1E14D862009527D7 /* Project object */ = {
			isa = PBXProject;
			attributes = {
				LastUpgradeCheck = 0820;
				ORGANIZATIONNAME = "尧德仁123";
				TargetAttributes = {
					7E339C741E14D862009527D7 = {
						CreatedOnToolsVersion = 8.2;
						DevelopmentTeam = M3EM4YGUHH;
						ProvisioningStyle = Manual;
					};
				};
			};
			buildConfigurationList = 7E339C701E14D862009527D7 /* Build configuration list for PBXProject "KSCrashCut" */;
			compatibilityVersion = "Xcode 3.2";
			developmentRegion = English;
			hasScannedForEncodings = 0;
			knownRegions = (
				en,
				Base,
			);
			mainGroup = 7E339C6C1E14D862009527D7;
			productRefGroup = 7E339C761E14D862009527D7 /* Products */;
			projectDirPath = "";
			projectRoot = "";
			targets = (
				7E339C741E14D862009527D7 /* KSCrashCut */,
			);
		};
/* End PBXProject section */

/* Begin PBXResourcesBuildPhase section */
		7E339C731E14D862009527D7 /* Resources */ = {
			isa = PBXResourcesBuildPhase;
			buildActionMask = 2147483647;
			files = (
				7E339C881E14D862009527D7 /* LaunchScreen.storyboard in Resources */,
				7E339C851E14D862009527D7 /* Assets.xcassets in Resources */,
				7E339C831E14D862009527D7 /* Main.storyboard in Resources */,
			);
			runOnlyForDeploymentPostprocessing = 0;
		};
/* End PBXResourcesBuildPhase section */

/* Begin PBXSourcesBuildPhase section */
		7E339C711E14D862009527D7 /* Sources */ = {
			isa = PBXSourcesBuildPhase;
			buildActionMask = 2147483647;
			files = (
				7E339C931E14D929009527D7 /* ViewController.m in Sources */,
				7E339C7D1E14D862009527D7 /* AppDelegate.m in Sources */,
				7E339CC71E14FAB8009527D7 /* KSCPU_x86_32.c in Sources */,
				7E339CDA1E15FC65009527D7 /* KSBacktrace.c in Sources */,
				7E339CCB1E14FBD8009527D7 /* KSSignalInfo.c in Sources */,
				7E339CA01E14EE4D009527D7 /* KSCrashC.c in Sources */,
				7E339C941E14D929009527D7 /* Crasher.mm in Sources */,
				7E339CC41E14FAB8009527D7 /* KSCPU_Apple.c in Sources */,
				7E339CB71E14F223009527D7 /* KSDebug.c in Sources */,
				7E339CBA1E14F5C7009527D7 /* KSThread.c in Sources */,
				7E339CB31E14F1C9009527D7 /* KSCrashSentry_NSException.m in Sources */,
				7E339CC61E14FAB8009527D7 /* KSCPU_arm64.c in Sources */,
				7E339CC81E14FAB8009527D7 /* KSCPU_x86_64.c in Sources */,
				7E339CE11E160184009527D7 /* KSMach.c in Sources */,
				7E339CCF1E150086009527D7 /* ArchObj.m in Sources */,
				7E339CDD1E160115009527D7 /* KSDynamicLinker.c in Sources */,
				7E339CAF1E14F1C9009527D7 /* KSCrashSentry.c in Sources */,
				7E339CC51E14FAB8009527D7 /* KSCPU_arm.c in Sources */,
				7E339C981E14DDFB009527D7 /* KSCrash.m in Sources */,
				7E339CB21E14F1C9009527D7 /* KSCrashSentry_MachException.c in Sources */,
				7E339CB41E14F1C9009527D7 /* KSCrashSentry_Signal.c in Sources */,
				7E339C7A1E14D862009527D7 /* main.m in Sources */,
				7E339CD61E15FAAA009527D7 /* KSCrashReport.c in Sources */,
				7E339CB01E14F1C9009527D7 /* KSCrashSentry_CPPException.cpp in Sources */,
				7E339C9C1E14EB97009527D7 /* KSCrashType.c in Sources */,
			);
			runOnlyForDeploymentPostprocessing = 0;
		};
/* End PBXSourcesBuildPhase section */

/* Begin PBXVariantGroup section */
		7E339C811E14D862009527D7 /* Main.storyboard */ = {
			isa = PBXVariantGroup;
			children = (
				7E339C821E14D862009527D7 /* Base */,
			);
			name = Main.storyboard;
			sourceTree = "<group>";
		};
		7E339C861E14D862009527D7 /* LaunchScreen.storyboard */ = {
			isa = PBXVariantGroup;
			children = (
				7E339C871E14D862009527D7 /* Base */,
			);
			name = LaunchScreen.storyboard;
			sourceTree = "<group>";
		};
/* End PBXVariantGroup section */

/* Begin XCBuildConfiguration section */
		7E339C8A1E14D862009527D7 /* Debug */ = {
			isa = XCBuildConfiguration;
			buildSettings = {
				ALWAYS_SEARCH_USER_PATHS = NO;
				CLANG_ANALYZER_NONNULL = YES;
				CLANG_CXX_LANGUAGE_STANDARD = "gnu++0x";
				CLANG_CXX_LIBRARY = "libc++";
				CLANG_ENABLE_MODULES = YES;
				CLANG_ENABLE_OBJC_ARC = YES;
				CLANG_WARN_BOOL_CONVERSION = YES;
				CLANG_WARN_CONSTANT_CONVERSION = YES;
				CLANG_WARN_DIRECT_OBJC_ISA_USAGE = YES_ERROR;
				CLANG_WARN_DOCUMENTATION_COMMENTS = YES;
				CLANG_WARN_EMPTY_BODY = YES;
				CLANG_WARN_ENUM_CONVERSION = YES;
				CLANG_WARN_INFINITE_RECURSION = YES;
				CLANG_WARN_INT_CONVERSION = YES;
				CLANG_WARN_OBJC_ROOT_CLASS = YES_ERROR;
				CLANG_WARN_SUSPICIOUS_MOVE = YES;
				CLANG_WARN_UNREACHABLE_CODE = YES;
				CLANG_WARN__DUPLICATE_METHOD_MATCH = YES;
				"CODE_SIGN_IDENTITY[sdk=iphoneos*]" = "iPhone Developer";
				COPY_PHASE_STRIP = NO;
				DEBUG_INFORMATION_FORMAT = dwarf;
				ENABLE_STRICT_OBJC_MSGSEND = YES;
				ENABLE_TESTABILITY = YES;
				GCC_C_LANGUAGE_STANDARD = gnu99;
				GCC_DYNAMIC_NO_PIC = NO;
				GCC_NO_COMMON_BLOCKS = YES;
				GCC_OPTIMIZATION_LEVEL = 0;
				GCC_PREPROCESSOR_DEFINITIONS = (
					"DEBUG=1",
					"$(inherited)",
				);
				GCC_WARN_64_TO_32_BIT_CONVERSION = YES;
				GCC_WARN_ABOUT_RETURN_TYPE = YES_ERROR;
				GCC_WARN_UNDECLARED_SELECTOR = YES;
				GCC_WARN_UNINITIALIZED_AUTOS = YES_AGGRESSIVE;
				GCC_WARN_UNUSED_FUNCTION = YES;
				GCC_WARN_UNUSED_VARIABLE = YES;
				IPHONEOS_DEPLOYMENT_TARGET = 10.2;
				MTL_ENABLE_DEBUG_INFO = YES;
				ONLY_ACTIVE_ARCH = YES;
				SDKROOT = iphoneos;
				TARGETED_DEVICE_FAMILY = "1,2";
			};
			name = Debug;
		};
		7E339C8B1E14D862009527D7 /* Release */ = {
			isa = XCBuildConfiguration;
			buildSettings = {
				ALWAYS_SEARCH_USER_PATHS = NO;
				CLANG_ANALYZER_NONNULL = YES;
				CLANG_CXX_LANGUAGE_STANDARD = "gnu++0x";
				CLANG_CXX_LIBRARY = "libc++";
				CLANG_ENABLE_MODULES = YES;
				CLANG_ENABLE_OBJC_ARC = YES;
				CLANG_WARN_BOOL_CONVERSION = YES;
				CLANG_WARN_CONSTANT_CONVERSION = YES;
				CLANG_WARN_DIRECT_OBJC_ISA_USAGE = YES_ERROR;
				CLANG_WARN_DOCUMENTATION_COMMENTS = YES;
				CLANG_WARN_EMPTY_BODY = YES;
				CLANG_WARN_ENUM_CONVERSION = YES;
				CLANG_WARN_INFINITE_RECURSION = YES;
				CLANG_WARN_INT_CONVERSION = YES;
				CLANG_WARN_OBJC_ROOT_CLASS = YES_ERROR;
				CLANG_WARN_SUSPICIOUS_MOVE = YES;
				CLANG_WARN_UNREACHABLE_CODE = YES;
				CLANG_WARN__DUPLICATE_METHOD_MATCH = YES;
				"CODE_SIGN_IDENTITY[sdk=iphoneos*]" = "iPhone Developer";
				COPY_PHASE_STRIP = NO;
				DEBUG_INFORMATION_FORMAT = "dwarf-with-dsym";
				ENABLE_NS_ASSERTIONS = NO;
				ENABLE_STRICT_OBJC_MSGSEND = YES;
				GCC_C_LANGUAGE_STANDARD = gnu99;
				GCC_NO_COMMON_BLOCKS = YES;
				GCC_WARN_64_TO_32_BIT_CONVERSION = YES;
				GCC_WARN_ABOUT_RETURN_TYPE = YES_ERROR;
				GCC_WARN_UNDECLARED_SELECTOR = YES;
				GCC_WARN_UNINITIALIZED_AUTOS = YES_AGGRESSIVE;
				GCC_WARN_UNUSED_FUNCTION = YES;
				GCC_WARN_UNUSED_VARIABLE = YES;
				IPHONEOS_DEPLOYMENT_TARGET = 10.2;
				MTL_ENABLE_DEBUG_INFO = NO;
				SDKROOT = iphoneos;
				TARGETED_DEVICE_FAMILY = "1,2";
				VALIDATE_PRODUCT = YES;
			};
			name = Release;
		};
		7E339C8D1E14D862009527D7 /* Debug */ = {
			isa = XCBuildConfiguration;
			buildSettings = {
				ASSETCATALOG_COMPILER_APPICON_NAME = AppIcon;
				CODE_SIGN_IDENTITY = "iPhone Developer: yao god (X85SXDTMMR)";
				DEVELOPMENT_TEAM = M3EM4YGUHH;
				ENABLE_BITCODE = NO;
				GCC_INCREASE_PRECOMPILED_HEADER_SHARING = NO;
				GCC_PREFIX_HEADER = /Users/yaoderen131/apple/KSCrashCut/KSCrashCut/PrefixHeader.pch;
				INFOPLIST_FILE = KSCrashCut/Info.plist;
				LD_RUNPATH_SEARCH_PATHS = "$(inherited) @executable_path/Frameworks";
				OTHER_LDFLAGS = (
					"$(inherited)",
					"-ObjC",
					"-l\"c++\"",
					"-l\"z\"",
				);
				PRODUCT_BUNDLE_IDENTIFIER = com.pingan.yiqiye.dev;
				PRODUCT_NAME = "$(TARGET_NAME)";
				PROVISIONING_PROFILE = "78169ee7-f462-4cf9-b2f5-b6da6b86d803";
				PROVISIONING_PROFILE_SPECIFIER = develop_for_all;
			};
			name = Debug;
		};
		7E339C8E1E14D862009527D7 /* Release */ = {
			isa = XCBuildConfiguration;
			buildSettings = {
				ASSETCATALOG_COMPILER_APPICON_NAME = AppIcon;
				CODE_SIGN_IDENTITY = "iPhone Developer: yao god (X85SXDTMMR)";
				DEVELOPMENT_TEAM = M3EM4YGUHH;
				ENABLE_BITCODE = NO;
				GCC_INCREASE_PRECOMPILED_HEADER_SHARING = NO;
				GCC_PREFIX_HEADER = /Users/yaoderen131/apple/KSCrashCut/KSCrashCut/PrefixHeader.pch;
				INFOPLIST_FILE = KSCrashCut/Info.plist;
				LD_RUNPATH_SEARCH_PATHS = "$(inherited) @executable_path/Frameworks";
				OTHER_LDFLAGS = (
					"$(inherited)",
					"-ObjC",
					"-l\"c++\"",
					"-l\"z\"",
				);
				PRODUCT_BUNDLE_IDENTIFIER = com.pingan.yiqiye.dev;
				PRODUCT_NAME = "$(TARGET_NAME)";
				PROVISIONING_PROFILE = "78169ee7-f462-4cf9-b2f5-b6da6b86d803";
				PROVISIONING_PROFILE_SPECIFIER = develop_for_all;
			};
			name = Release;
		};
/* End XCBuildConfiguration section */

/* Begin XCConfigurationList section */
		7E339C701E14D862009527D7 /* Build configuration list for PBXProject "KSCrashCut" */ = {
			isa = XCConfigurationList;
			buildConfigurations = (
				7E339C8A1E14D862009527D7 /* Debug */,
				7E339C8B1E14D862009527D7 /* Release */,
			);
			defaultConfigurationIsVisible = 0;
			defaultConfigurationName = Release;
		};
		7E339C8C1E14D862009527D7 /* Build configuration list for PBXNativeTarget "KSCrashCut" */ = {
			isa = XCConfigurationList;
			buildConfigurations = (
				7E339C8D1E14D862009527D7 /* Debug */,
				7E339C8E1E14D862009527D7 /* Release */,
			);
			defaultConfigurationIsVisible = 0;
			defaultConfigurationName = Release;
		};
/* End XCConfigurationList section */
	};
	rootObject = 7E339C6D1E14D862009527D7 /* Project object */;
}
